
Microsoft Visual Studio Solution File, Format Version 12.00
# Visual Studio Version 17
VisualStudioVersion = 17.4.33205.214
MinimumVisualStudioVersion = 10.0.40219.1
Project("{FAE04EC0-301F-11D3-BF4B-00C04F79EFBC}") = "ApiResponse", "ApiResponse\ApiResponse.csproj", "{541F620B-D3F7-4D4B-84C4-FB57CA42A4BE}"
EndProject
Global
	GlobalSection(SolutionConfigurationPlatforms) = preSolution
		Debug|Any CPU = Debug|Any CPU
		Release|Any CPU = Release|Any CPU
	EndGlobalSection
	GlobalSection(ProjectConfigurationPlatforms) = postSolution
		{541F620B-D3F7-4D4B-84C4-FB57CA42A4BE}.Debug|Any CPU.ActiveCfg = Debug|Any CPU
		{541F620B-D3F7-4D4B-84C4-FB57CA42A4BE}.Debug|Any CPU.Build.0 = Debug|Any CPU
		{541F620B-D3F7-4D4B-84C4-FB57CA42A4BE}.Release|Any CPU.ActiveCfg = Release|Any CPU
		{541F620B-D3F7-4D4B-84C4-FB57CA42A4BE}.Release|Any CPU.Build.0 = Release|Any CPU
	EndGlobalSection
	GlobalSection(SolutionProperties) = preSolution
		HideSolutionNode = FALSE
	EndGlobalSection
	GlobalSection(ExtensibilityGlobals) = postSolution
		SolutionGuid = {51C7F967-DE75-4D3A-81A1-422A5BA46CB4}
	EndGlobalSection
EndGlobal
